
Microsoft Visual Studio Solution File, Format Version 12.00
# Visual Studio Version 17
VisualStudioVersion = 17.10.35122.118
MinimumVisualStudioVersion = 10.0.40219.1
Project("{FAE04EC0-301F-11D3-BF4B-00C04F79EFBC}") = "LoginPanel", "LoginPanel\LoginPanel.csproj", "{483D2564-2C5C-49D3-AD11-3AE9D5711D1C}"
EndProject
Global
	GlobalSection(SolutionConfigurationPlatforms) = preSolution
		Debug|Any CPU = Debug|Any CPU
		Release|Any CPU = Release|Any CPU
	EndGlobalSection
	GlobalSection(ProjectConfigurationPlatforms) = postSolution
		{483D2564-2C5C-49D3-AD11-3AE9D5711D1C}.Debug|Any CPU.ActiveCfg = Debug|Any CPU
		{483D2564-2C5C-49D3-AD11-3AE9D5711D1C}.Debug|Any CPU.Build.0 = Debug|Any CPU
		{483D2564-2C5C-49D3-AD11-3AE9D5711D1C}.Release|Any CPU.ActiveCfg = Release|Any CPU
		{483D2564-2C5C-49D3-AD11-3AE9D5711D1C}.Release|Any CPU.Build.0 = Release|Any CPU
	EndGlobalSection
	GlobalSection(SolutionProperties) = preSolution
		HideSolutionNode = FALSE
	EndGlobalSection
	GlobalSection(ExtensibilityGlobals) = postSolution
		SolutionGuid = {FAD2099C-FDA6-445E-9ED2-D68E55D9F498}
	EndGlobalSection
EndGlobal
